
Microsoft Visual Studio Solution File, Format Version 12.00
# Visual Studio Version 16
VisualStudioVersion = 16.0.29503.13
MinimumVisualStudioVersion = 10.0.40219.1
Project("{9A19103F-16F7-4668-BE54-9A1E7A4F7556}") = "Flashcards", "Flashcards\Flashcards.csproj", "{9116AFB7-830B-4448-B9BC-AEC3FB0B66A1}"
EndProject
Project("{9A19103F-16F7-4668-BE54-9A1E7A4F7556}") = "IdentityServer", "IdentityServer\IdentityServer.csproj", "{D15E5728-6DCC-4292-951E-2445290BCE36}"
EndProject
Project("{9A19103F-16F7-4668-BE54-9A1E7A4F7556}") = "MvcClient", "MvcClient\MvcClient.csproj", "{3D6AFCD2-D358-43CF-BC03-648651281038}"
EndProject
Project("{9A19103F-16F7-4668-BE54-9A1E7A4F7556}") = "SpaClient", "SpaClient\SpaClient.csproj", "{00CA2998-BE2C-4870-8277-35C6F0787AD8}"
EndProject
Global
	GlobalSection(SolutionConfigurationPlatforms) = preSolution
		Debug|Any CPU = Debug|Any CPU
		Release|Any CPU = Release|Any CPU
	EndGlobalSection
	GlobalSection(ProjectConfigurationPlatforms) = postSolution
		{9116AFB7-830B-4448-B9BC-AEC3FB0B66A1}.Debug|Any CPU.ActiveCfg = Debug|Any CPU
		{9116AFB7-830B-4448-B9BC-AEC3FB0B66A1}.Debug|Any CPU.Build.0 = Debug|Any CPU
		{9116AFB7-830B-4448-B9BC-AEC3FB0B66A1}.Release|Any CPU.ActiveCfg = Release|Any CPU
		{9116AFB7-830B-4448-B9BC-AEC3FB0B66A1}.Release|Any CPU.Build.0 = Release|Any CPU
		{D15E5728-6DCC-4292-951E-2445290BCE36}.Debug|Any CPU.ActiveCfg = Debug|Any CPU
		{D15E5728-6DCC-4292-951E-2445290BCE36}.Debug|Any CPU.Build.0 = Debug|Any CPU
		{D15E5728-6DCC-4292-951E-2445290BCE36}.Release|Any CPU.ActiveCfg = Release|Any CPU
		{D15E5728-6DCC-4292-951E-2445290BCE36}.Release|Any CPU.Build.0 = Release|Any CPU
		{3D6AFCD2-D358-43CF-BC03-648651281038}.Debug|Any CPU.ActiveCfg = Debug|Any CPU
		{3D6AFCD2-D358-43CF-BC03-648651281038}.Debug|Any CPU.Build.0 = Debug|Any CPU
		{3D6AFCD2-D358-43CF-BC03-648651281038}.Release|Any CPU.ActiveCfg = Release|Any CPU
		{3D6AFCD2-D358-43CF-BC03-648651281038}.Release|Any CPU.Build.0 = Release|Any CPU
		{00CA2998-BE2C-4870-8277-35C6F0787AD8}.Debug|Any CPU.ActiveCfg = Debug|Any CPU
		{00CA2998-BE2C-4870-8277-35C6F0787AD8}.Debug|Any CPU.Build.0 = Debug|Any CPU
		{00CA2998-BE2C-4870-8277-35C6F0787AD8}.Release|Any CPU.ActiveCfg = Release|Any CPU
		{00CA2998-BE2C-4870-8277-35C6F0787AD8}.Release|Any CPU.Build.0 = Release|Any CPU
	EndGlobalSection
	GlobalSection(SolutionProperties) = preSolution
		HideSolutionNode = FALSE
	EndGlobalSection
	GlobalSection(ExtensibilityGlobals) = postSolution
		SolutionGuid = {BC0F5FAB-68A5-4A57-B3E6-47F0A963B60F}
	EndGlobalSection
EndGlobal
